
Microsoft Visual Studio Solution File, Format Version 12.00
# Visual Studio Version 17
VisualStudioVersion = 17.4.33213.308
MinimumVisualStudioVersion = 10.0.40219.1
Project("{FAE04EC0-301F-11D3-BF4B-00C04F79EFBC}") = "project", "project\project.csproj", "{793EA66E-DAC9-4202-8321-9303E924C1AD}"
EndProject
Global
	GlobalSection(SolutionConfigurationPlatforms) = preSolution
		Debug|Any CPU = Debug|Any CPU
		Release|Any CPU = Release|Any CPU
	EndGlobalSection
	GlobalSection(ProjectConfigurationPlatforms) = postSolution
		{793EA66E-DAC9-4202-8321-9303E924C1AD}.Debug|Any CPU.ActiveCfg = Debug|Any CPU
		{793EA66E-DAC9-4202-8321-9303E924C1AD}.Debug|Any CPU.Build.0 = Debug|Any CPU
		{793EA66E-DAC9-4202-8321-9303E924C1AD}.Release|Any CPU.ActiveCfg = Release|Any CPU
		{793EA66E-DAC9-4202-8321-9303E924C1AD}.Release|Any CPU.Build.0 = Release|Any CPU
	EndGlobalSection
	GlobalSection(SolutionProperties) = preSolution
		HideSolutionNode = FALSE
	EndGlobalSection
	GlobalSection(ExtensibilityGlobals) = postSolution
		SolutionGuid = {3ABCCF8C-64F0-400A-AA26-ED2AD6215254}
	EndGlobalSection
EndGlobal
